
Microsoft Visual Studio Solution File, Format Version 12.00
# Visual Studio Version 16
VisualStudioVersion = 16.0.31515.178
MinimumVisualStudioVersion = 10.0.40219.1
Project("{888888A0-9F3D-457C-B088-3A5042F75D52}") = "Week6Lab2", "Week6Lab2.pyproj", "{76F15AE9-CFD7-4161-8745-25AB729C8B44}"
EndProject
Global
	GlobalSection(SolutionConfigurationPlatforms) = preSolution
		Debug|Any CPU = Debug|Any CPU
		Release|Any CPU = Release|Any CPU
	EndGlobalSection
	GlobalSection(ProjectConfigurationPlatforms) = postSolution
		{76F15AE9-CFD7-4161-8745-25AB729C8B44}.Debug|Any CPU.ActiveCfg = Debug|Any CPU
		{76F15AE9-CFD7-4161-8745-25AB729C8B44}.Release|Any CPU.ActiveCfg = Release|Any CPU
	EndGlobalSection
	GlobalSection(SolutionProperties) = preSolution
		HideSolutionNode = FALSE
	EndGlobalSection
	GlobalSection(ExtensibilityGlobals) = postSolution
		SolutionGuid = {AF77450B-DA84-4269-B3C2-58EB5A89CC1B}
	EndGlobalSection
EndGlobal
